
Microsoft Visual Studio Solution File, Format Version 12.00
# Visual Studio Version 16
VisualStudioVersion = 16.0.30517.126
MinimumVisualStudioVersion = 10.0.40219.1
Project("{FAE04EC0-301F-11D3-BF4B-00C04F79EFBC}") = "lab8_7", "lab8_7\lab8_7.csproj", "{C00E28BD-3E15-4E25-95FB-8DA39FB35FDF}"
EndProject
Global
	GlobalSection(SolutionConfigurationPlatforms) = preSolution
		Debug|Any CPU = Debug|Any CPU
		Release|Any CPU = Release|Any CPU
	EndGlobalSection
	GlobalSection(ProjectConfigurationPlatforms) = postSolution
		{C00E28BD-3E15-4E25-95FB-8DA39FB35FDF}.Debug|Any CPU.ActiveCfg = Debug|Any CPU
		{C00E28BD-3E15-4E25-95FB-8DA39FB35FDF}.Debug|Any CPU.Build.0 = Debug|Any CPU
		{C00E28BD-3E15-4E25-95FB-8DA39FB35FDF}.Release|Any CPU.ActiveCfg = Release|Any CPU
		{C00E28BD-3E15-4E25-95FB-8DA39FB35FDF}.Release|Any CPU.Build.0 = Release|Any CPU
	EndGlobalSection
	GlobalSection(SolutionProperties) = preSolution
		HideSolutionNode = FALSE
	EndGlobalSection
	GlobalSection(ExtensibilityGlobals) = postSolution
		SolutionGuid = {EC8280C0-D316-46EC-B588-1DFCFAEFAAC0}
	EndGlobalSection
EndGlobal
